{
    "_readme": [
        "This file locks the dependencies of your project to a known state",
        "Read more about it at https://getcomposer.org/doc/01-basic-usage.md#installing-dependencies",
        "This file is @generated automatically"
    ],
    "content-hash": "fdfdcf56d6d1135607f69281c3aa5192",
    "packages": [
        {
            "name": "bower-asset/history.js",
            "version": "1.8.0",
            "source": {
                "type": "git",
                "url": "https://github.com/browserstate/history.js.git",
                "reference": "6c6c8b951b03fa725adb11b1087d73b0b6f0ac82"
            },
            "dist": {
                "type": "zip",
                "url": "https://api.github.com/repos/browserstate/history.js/zipball/6c6c8b951b03fa725adb11b1087d73b0b6f0ac82",
                "reference": "6c6c8b951b03fa725adb11b1087d73b0b6f0ac82"
            },
            "type": "bower-asset"
        }
    ],
    "packages-dev": [],
    "aliases": [],
    "minimum-stability": "stable",
    "stability-flags": [],
    "prefer-stable": false,
    "prefer-lowest": false,
    "platform": [],
    "platform-dev": [],
    "plugin-api-version": "2.6.0"
}
